
Microsoft Visual Studio Solution File, Format Version 12.00
# Visual Studio 2013
VisualStudioVersion = 12.0.40629.0
MinimumVisualStudioVersion = 10.0.40219.1
Project("{FAE04EC0-301F-11D3-BF4B-00C04F79EFBC}") = "MyCompany.Demo.Config", "Config\MyCompany.Demo.Config.csproj", "{BE30CEAF-7133-48D8-A34F-1B8168E9EBC4}"
EndProject
Project("{FAE04EC0-301F-11D3-BF4B-00C04F79EFBC}") = "MyCompany.Demo.Driver", "Driver\MyCompany.Demo.Driver.csproj", "{6AB4DC07-8E2D-4C8B-B7B1-253DE1280810}"
	ProjectSection(ProjectDependencies) = postProject
		{BE30CEAF-7133-48D8-A34F-1B8168E9EBC4} = {BE30CEAF-7133-48D8-A34F-1B8168E9EBC4}
	EndProjectSection
EndProject
Global
	GlobalSection(SolutionConfigurationPlatforms) = preSolution
		Debug|Any CPU = Debug|Any CPU
		Debug|x86 = Debug|x86
		Release|Any CPU = Release|Any CPU
		Release|x86 = Release|x86
	EndGlobalSection
	GlobalSection(ProjectConfigurationPlatforms) = postSolution
		{BE30CEAF-7133-48D8-A34F-1B8168E9EBC4}.Debug|Any CPU.ActiveCfg = Debug|Any CPU
		{BE30CEAF-7133-48D8-A34F-1B8168E9EBC4}.Debug|Any CPU.Build.0 = Debug|Any CPU
		{BE30CEAF-7133-48D8-A34F-1B8168E9EBC4}.Debug|x86.ActiveCfg = Debug|Any CPU
		{BE30CEAF-7133-48D8-A34F-1B8168E9EBC4}.Debug|x86.Build.0 = Debug|Any CPU
		{BE30CEAF-7133-48D8-A34F-1B8168E9EBC4}.Release|Any CPU.ActiveCfg = Release|Any CPU
		{BE30CEAF-7133-48D8-A34F-1B8168E9EBC4}.Release|Any CPU.Build.0 = Release|Any CPU
		{BE30CEAF-7133-48D8-A34F-1B8168E9EBC4}.Release|x86.ActiveCfg = Release|Any CPU
		{BE30CEAF-7133-48D8-A34F-1B8168E9EBC4}.Release|x86.Build.0 = Release|Any CPU
		{6AB4DC07-8E2D-4C8B-B7B1-253DE1280810}.Debug|Any CPU.ActiveCfg = Debug|Any CPU
		{6AB4DC07-8E2D-4C8B-B7B1-253DE1280810}.Debug|Any CPU.Build.0 = Debug|Any CPU
		{6AB4DC07-8E2D-4C8B-B7B1-253DE1280810}.Debug|x86.ActiveCfg = Debug|Any CPU
		{6AB4DC07-8E2D-4C8B-B7B1-253DE1280810}.Debug|x86.Build.0 = Debug|Any CPU
		{6AB4DC07-8E2D-4C8B-B7B1-253DE1280810}.Release|Any CPU.ActiveCfg = Release|Any CPU
		{6AB4DC07-8E2D-4C8B-B7B1-253DE1280810}.Release|Any CPU.Build.0 = Release|Any CPU
		{6AB4DC07-8E2D-4C8B-B7B1-253DE1280810}.Release|x86.ActiveCfg = Release|Any CPU
		{6AB4DC07-8E2D-4C8B-B7B1-253DE1280810}.Release|x86.Build.0 = Release|Any CPU
	EndGlobalSection
	GlobalSection(SolutionProperties) = preSolution
		HideSolutionNode = FALSE
	EndGlobalSection
	GlobalSection(ExtensibilityGlobals) = postSolution
		SolutionGuid = {8556CE0F-F2F9-4B26-9F59-D10F3AE968B1}
	EndGlobalSection
EndGlobal
